// !$*UTF8*$!
{
	archiveVersion = 1;
	classes = {
	};
	objectVersion = 46;
	objects = {

/* Begin PBXBuildFile section */
		2717817A1ACD9DFF00FF0801 /* NSBezierPathExtensions.swift in Sources */ = {isa = PBXBuildFile; fileRef = 271781791ACD9DFF00FF0801 /* NSBezierPathExtensions.swift */; };
		273457D41ACB273F002A4644 /* AppDelegate.swift in Sources */ = {isa = PBXBuildFile; fileRef = 273457D31ACB273F002A4644 /* AppDelegate.swift */; };
		273457D61ACB273F002A4644 /* ViewController.swift in Sources */ = {isa = PBXBuildFile; fileRef = 273457D51ACB273F002A4644 /* ViewController.swift */; };
		273457D81ACB273F002A4644 /* Images.xcassets in Resources */ = {isa = PBXBuildFile; fileRef = 273457D71ACB273F002A4644 /* Images.xcassets */; };
		273457DB1ACB273F002A4644 /* Main.storyboard in Resources */ = {isa = PBXBuildFile; fileRef = 273457D91ACB273F002A4644 /* Main.storyboard */; };
		27E67E5D1ACDD6DB00734FAE /* BezierWidget.swift in Sources */ = {isa = PBXBuildFile; fileRef = 27E67E5C1ACDD6DB00734FAE /* BezierWidget.swift */; };
/* End PBXBuildFile section */

/* Begin PBXFileReference section */
		271781791ACD9DFF00FF0801 /* NSBezierPathExtensions.swift */ = {isa = PBXFileReference; fileEncoding = 4; lastKnownFileType = sourcecode.swift; path = NSBezierPathExtensions.swift; sourceTree = "<group>"; };
		273457CE1ACB273F002A4644 /* BezierWidget.app */ = {isa = PBXFileReference; explicitFileType = wrapper.application; includeInIndex = 0; path = BezierWidget.app; sourceTree = BUILT_PRODUCTS_DIR; };
		273457D21ACB273F002A4644 /* Info.plist */ = {isa = PBXFileReference; lastKnownFileType = text.plist.xml; path = Info.plist; sourceTree = "<group>"; };
		273457D31ACB273F002A4644 /* AppDelegate.swift */ = {isa = PBXFileReference; lastKnownFileType = sourcecode.swift; path = AppDelegate.swift; sourceTree = "<group>"; };
		273457D51ACB273F002A4644 /* ViewController.swift */ = {isa = PBXFileReference; lastKnownFileType = sourcecode.swift; path = ViewController.swift; sourceTree = "<group>"; };
		273457D71ACB273F002A4644 /* Images.xcassets */ = {isa = PBXFileReference; lastKnownFileType = folder.assetcatalog; path = Images.xcassets; sourceTree = "<group>"; };
		273457DA1ACB273F002A4644 /* Base */ = {isa = PBXFileReference; lastKnownFileType = file.storyboard; name = Base; path = Base.lproj/Main.storyboard; sourceTree = "<group>"; };
		27E67E5C1ACDD6DB00734FAE /* BezierWidget.swift */ = {isa = PBXFileReference; fileEncoding = 4; lastKnownFileType = sourcecode.swift; path = BezierWidget.swift; sourceTree = "<group>"; };
/* End PBXFileReference section */

/* Begin PBXFrameworksBuildPhase section */
		273457CB1ACB273F002A4644 /* Frameworks */ = {
			isa = PBXFrameworksBuildPhase;
			buildActionMask = 2147483647;
			files = (
			);
			runOnlyForDeploymentPostprocessing = 0;
		};
/* End PBXFrameworksBuildPhase section */

/* Begin PBXGroup section */
		273457C51ACB273F002A4644 = {
			isa = PBXGroup;
			children = (
				273457D01ACB273F002A4644 /* Source */,
				273457D71ACB273F002A4644 /* Images.xcassets */,
				273457D21ACB273F002A4644 /* Info.plist */,
				273457CF1ACB273F002A4644 /* Products */,
			);
			sourceTree = "<group>";
		};
		273457CF1ACB273F002A4644 /* Products */ = {
			isa = PBXGroup;
			children = (
				273457CE1ACB273F002A4644 /* BezierWidget.app */,
			);
			name = Products;
			sourceTree = "<group>";
		};
		273457D01ACB273F002A4644 /* Source */ = {
			isa = PBXGroup;
			children = (
				273457D31ACB273F002A4644 /* AppDelegate.swift */,
				27E67E5C1ACDD6DB00734FAE /* BezierWidget.swift */,
				273457D91ACB273F002A4644 /* Main.storyboard */,
				271781791ACD9DFF00FF0801 /* NSBezierPathExtensions.swift */,
				273457D51ACB273F002A4644 /* ViewController.swift */,
			);
			path = Source;
			sourceTree = "<group>";
		};
/* End PBXGroup section */

/* Begin PBXNativeTarget section */
		273457CD1ACB273F002A4644 /* BezierWidget */ = {
			isa = PBXNativeTarget;
			buildConfigurationList = 273457EA1ACB273F002A4644 /* Build configuration list for PBXNativeTarget "BezierWidget" */;
			buildPhases = (
				273457CA1ACB273F002A4644 /* Sources */,
				273457CB1ACB273F002A4644 /* Frameworks */,
				273457CC1ACB273F002A4644 /* Resources */,
			);
			buildRules = (
			);
			dependencies = (
			);
			name = BezierWidget;
			productName = TimingCurve;
			productReference = 273457CE1ACB273F002A4644 /* BezierWidget.app */;
			productType = "com.apple.product-type.application";
		};
/* End PBXNativeTarget section */

/* Begin PBXProject section */
		273457C61ACB273F002A4644 /* Project object */ = {
			isa = PBXProject;
			attributes = {
				LastUpgradeCheck = 0630;
				ORGANIZATIONNAME = "Nathan Corvino";
				TargetAttributes = {
					273457CD1ACB273F002A4644 = {
						CreatedOnToolsVersion = 6.3;
					};
				};
			};
			buildConfigurationList = 273457C91ACB273F002A4644 /* Build configuration list for PBXProject "BezierWidget" */;
			compatibilityVersion = "Xcode 3.2";
			developmentRegion = English;
			hasScannedForEncodings = 0;
			knownRegions = (
				en,
				Base,
			);
			mainGroup = 273457C51ACB273F002A4644;
			productRefGroup = 273457CF1ACB273F002A4644 /* Products */;
			projectDirPath = "";
			projectRoot = "";
			targets = (
				273457CD1ACB273F002A4644 /* BezierWidget */,
			);
		};
/* End PBXProject section */

/* Begin PBXResourcesBuildPhase section */
		273457CC1ACB273F002A4644 /* Resources */ = {
			isa = PBXResourcesBuildPhase;
			buildActionMask = 2147483647;
			files = (
				273457D81ACB273F002A4644 /* Images.xcassets in Resources */,
				273457DB1ACB273F002A4644 /* Main.storyboard in Resources */,
			);
			runOnlyForDeploymentPostprocessing = 0;
		};
/* End PBXResourcesBuildPhase section */

/* Begin PBXSourcesBuildPhase section */
		273457CA1ACB273F002A4644 /* Sources */ = {
			isa = PBXSourcesBuildPhase;
			buildActionMask = 2147483647;
			files = (
				2717817A1ACD9DFF00FF0801 /* NSBezierPathExtensions.swift in Sources */,
				27E67E5D1ACDD6DB00734FAE /* BezierWidget.swift in Sources */,
				273457D61ACB273F002A4644 /* ViewController.swift in Sources */,
				273457D41ACB273F002A4644 /* AppDelegate.swift in Sources */,
			);
			runOnlyForDeploymentPostprocessing = 0;
		};
/* End PBXSourcesBuildPhase section */

/* Begin PBXVariantGroup section */
		273457D91ACB273F002A4644 /* Main.storyboard */ = {
			isa = PBXVariantGroup;
			children = (
				273457DA1ACB273F002A4644 /* Base */,
			);
			name = Main.storyboard;
			sourceTree = "<group>";
		};
/* End PBXVariantGroup section */

/* Begin XCBuildConfiguration section */
		273457E81ACB273F002A4644 /* Debug */ = {
			isa = XCBuildConfiguration;
			buildSettings = {
				ALWAYS_SEARCH_USER_PATHS = NO;
				CLANG_CXX_LANGUAGE_STANDARD = "gnu++0x";
				CLANG_CXX_LIBRARY = "libc++";
				CLANG_ENABLE_MODULES = YES;
				CLANG_ENABLE_OBJC_ARC = YES;
				CLANG_WARN_BOOL_CONVERSION = YES;
				CLANG_WARN_CONSTANT_CONVERSION = YES;
				CLANG_WARN_DIRECT_OBJC_ISA_USAGE = YES_ERROR;
				CLANG_WARN_EMPTY_BODY = YES;
				CLANG_WARN_ENUM_CONVERSION = YES;
				CLANG_WARN_INT_CONVERSION = YES;
				CLANG_WARN_OBJC_ROOT_CLASS = YES_ERROR;
				CLANG_WARN_UNREACHABLE_CODE = YES;
				CLANG_WARN__DUPLICATE_METHOD_MATCH = YES;
				CODE_SIGN_IDENTITY = "-";
				COPY_PHASE_STRIP = NO;
				DEBUG_INFORMATION_FORMAT = dwarf;
				ENABLE_STRICT_OBJC_MSGSEND = YES;
				GCC_C_LANGUAGE_STANDARD = gnu99;
				GCC_DYNAMIC_NO_PIC = NO;
				GCC_NO_COMMON_BLOCKS = YES;
				GCC_OPTIMIZATION_LEVEL = 0;
				GCC_PREPROCESSOR_DEFINITIONS = (
					"DEBUG=1",
					"$(inherited)",
				);
				GCC_SYMBOLS_PRIVATE_EXTERN = NO;
				GCC_WARN_64_TO_32_BIT_CONVERSION = YES;
				GCC_WARN_ABOUT_RETURN_TYPE = YES_ERROR;
				GCC_WARN_UNDECLARED_SELECTOR = YES;
				GCC_WARN_UNINITIALIZED_AUTOS = YES_AGGRESSIVE;
				GCC_WARN_UNUSED_FUNCTION = YES;
				GCC_WARN_UNUSED_VARIABLE = YES;
				MACOSX_DEPLOYMENT_TARGET = 10.10;
				MTL_ENABLE_DEBUG_INFO = YES;
				ONLY_ACTIVE_ARCH = YES;
				SDKROOT = macosx;
				SWIFT_OPTIMIZATION_LEVEL = "-Onone";
			};
			name = Debug;
		};
		273457E91ACB273F002A4644 /* Release */ = {
			isa = XCBuildConfiguration;
			buildSettings = {
				ALWAYS_SEARCH_USER_PATHS = NO;
				CLANG_CXX_LANGUAGE_STANDARD = "gnu++0x";
				CLANG_CXX_LIBRARY = "libc++";
				CLANG_ENABLE_MODULES = YES;
				CLANG_ENABLE_OBJC_ARC = YES;
				CLANG_WARN_BOOL_CONVERSION = YES;
				CLANG_WARN_CONSTANT_CONVERSION = YES;
				CLANG_WARN_DIRECT_OBJC_ISA_USAGE = YES_ERROR;
				CLANG_WARN_EMPTY_BODY = YES;
				CLANG_WARN_ENUM_CONVERSION = YES;
				CLANG_WARN_INT_CONVERSION = YES;
				CLANG_WARN_OBJC_ROOT_CLASS = YES_ERROR;
				CLANG_WARN_UNREACHABLE_CODE = YES;
				CLANG_WARN__DUPLICATE_METHOD_MATCH = YES;
				CODE_SIGN_IDENTITY = "-";
				COPY_PHASE_STRIP = NO;
				DEBUG_INFORMATION_FORMAT = "dwarf-with-dsym";
				ENABLE_NS_ASSERTIONS = NO;
				ENABLE_STRICT_OBJC_MSGSEND = YES;
				GCC_C_LANGUAGE_STANDARD = gnu99;
				GCC_NO_COMMON_BLOCKS = YES;
				GCC_WARN_64_TO_32_BIT_CONVERSION = YES;
				GCC_WARN_ABOUT_RETURN_TYPE = YES_ERROR;
				GCC_WARN_UNDECLARED_SELECTOR = YES;
				GCC_WARN_UNINITIALIZED_AUTOS = YES_AGGRESSIVE;
				GCC_WARN_UNUSED_FUNCTION = YES;
				GCC_WARN_UNUSED_VARIABLE = YES;
				MACOSX_DEPLOYMENT_TARGET = 10.10;
				MTL_ENABLE_DEBUG_INFO = NO;
				SDKROOT = macosx;
			};
			name = Release;
		};
		273457EB1ACB273F002A4644 /* Debug */ = {
			isa = XCBuildConfiguration;
			buildSettings = {
				ASSETCATALOG_COMPILER_APPICON_NAME = AppIcon;
				COMBINE_HIDPI_IMAGES = YES;
				INFOPLIST_FILE = Info.plist;
				LD_RUNPATH_SEARCH_PATHS = "$(inherited) @executable_path/../Frameworks";
				PRODUCT_NAME = BezierWidget;
			};
			name = Debug;
		};
		273457EC1ACB273F002A4644 /* Release */ = {
			isa = XCBuildConfiguration;
			buildSettings = {
				ASSETCATALOG_COMPILER_APPICON_NAME = AppIcon;
				COMBINE_HIDPI_IMAGES = YES;
				INFOPLIST_FILE = Info.plist;
				LD_RUNPATH_SEARCH_PATHS = "$(inherited) @executable_path/../Frameworks";
				PRODUCT_NAME = BezierWidget;
			};
			name = Release;
		};
/* End XCBuildConfiguration section */

/* Begin XCConfigurationList section */
		273457C91ACB273F002A4644 /* Build configuration list for PBXProject "BezierWidget" */ = {
			isa = XCConfigurationList;
			buildConfigurations = (
				273457E81ACB273F002A4644 /* Debug */,
				273457E91ACB273F002A4644 /* Release */,
			);
			defaultConfigurationIsVisible = 0;
			defaultConfigurationName = Release;
		};
		273457EA1ACB273F002A4644 /* Build configuration list for PBXNativeTarget "BezierWidget" */ = {
			isa = XCConfigurationList;
			buildConfigurations = (
				273457EB1ACB273F002A4644 /* Debug */,
				273457EC1ACB273F002A4644 /* Release */,
			);
			defaultConfigurationIsVisible = 0;
			defaultConfigurationName = Release;
		};
/* End XCConfigurationList section */
	};
	rootObject = 273457C61ACB273F002A4644 /* Project object */;
}
